// !$*UTF8*$!
{
	archiveVersion = 1;
	classes = {
	};
	objectVersion = 56;
	objects = {

/* Begin PBXBuildFile section */
		894523442969853900DC1A9B /* AppDelegate.swift in Sources */ = {isa = PBXBuildFile; fileRef = 894523432969853900DC1A9B /* AppDelegate.swift */; };
		894523462969853900DC1A9B /* SceneDelegate.swift in Sources */ = {isa = PBXBuildFile; fileRef = 894523452969853900DC1A9B /* SceneDelegate.swift */; };
		894523482969853900DC1A9B /* ViewController.swift in Sources */ = {isa = PBXBuildFile; fileRef = 894523472969853900DC1A9B /* ViewController.swift */; };
		8945234B2969853900DC1A9B /* Main.storyboard in Resources */ = {isa = PBXBuildFile; fileRef = 894523492969853900DC1A9B /* Main.storyboard */; };
		8945234D2969853A00DC1A9B /* Assets.xcassets in Resources */ = {isa = PBXBuildFile; fileRef = 8945234C2969853A00DC1A9B /* Assets.xcassets */; };
		894523502969853A00DC1A9B /* LaunchScreen.storyboard in Resources */ = {isa = PBXBuildFile; fileRef = 8945234E2969853A00DC1A9B /* LaunchScreen.storyboard */; };
		8945235B2969860800DC1A9B /* MemberListManager.swift in Sources */ = {isa = PBXBuildFile; fileRef = 8945235A2969860800DC1A9B /* MemberListManager.swift */; };
		8945235D296994C100DC1A9B /* Member.swift in Sources */ = {isa = PBXBuildFile; fileRef = 8945235C296994C100DC1A9B /* Member.swift */; };
		8945235F2969975400DC1A9B /* MyTableViewCell.swift in Sources */ = {isa = PBXBuildFile; fileRef = 8945235E2969975400DC1A9B /* MyTableViewCell.swift */; };
		8945236129699AEF00DC1A9B /* DetailView.swift in Sources */ = {isa = PBXBuildFile; fileRef = 8945236029699AEF00DC1A9B /* DetailView.swift */; };
		8945236329699B1F00DC1A9B /* DetailViewController.swift in Sources */ = {isa = PBXBuildFile; fileRef = 8945236229699B1F00DC1A9B /* DetailViewController.swift */; };
		8945237F296AC77000DC1A9B /* ProfileViewController.swift in Sources */ = {isa = PBXBuildFile; fileRef = 8945237E296AC77000DC1A9B /* ProfileViewController.swift */; };
		89452381296AC80F00DC1A9B /* ProfileView.swift in Sources */ = {isa = PBXBuildFile; fileRef = 89452380296AC80F00DC1A9B /* ProfileView.swift */; };
/* End PBXBuildFile section */

/* Begin PBXFileReference section */
		894523402969853900DC1A9B /* MemberListClone.app */ = {isa = PBXFileReference; explicitFileType = wrapper.application; includeInIndex = 0; path = MemberListClone.app; sourceTree = BUILT_PRODUCTS_DIR; };
		894523432969853900DC1A9B /* AppDelegate.swift */ = {isa = PBXFileReference; lastKnownFileType = sourcecode.swift; path = AppDelegate.swift; sourceTree = "<group>"; };
		894523452969853900DC1A9B /* SceneDelegate.swift */ = {isa = PBXFileReference; lastKnownFileType = sourcecode.swift; path = SceneDelegate.swift; sourceTree = "<group>"; };
		894523472969853900DC1A9B /* ViewController.swift */ = {isa = PBXFileReference; lastKnownFileType = sourcecode.swift; path = ViewController.swift; sourceTree = "<group>"; };
		8945234A2969853900DC1A9B /* Base */ = {isa = PBXFileReference; lastKnownFileType = file.storyboard; name = Base; path = Base.lproj/Main.storyboard; sourceTree = "<group>"; };
		8945234C2969853A00DC1A9B /* Assets.xcassets */ = {isa = PBXFileReference; lastKnownFileType = folder.assetcatalog; path = Assets.xcassets; sourceTree = "<group>"; };
		8945234F2969853A00DC1A9B /* Base */ = {isa = PBXFileReference; lastKnownFileType = file.storyboard; name = Base; path = Base.lproj/LaunchScreen.storyboard; sourceTree = "<group>"; };
		894523512969853A00DC1A9B /* Info.plist */ = {isa = PBXFileReference; lastKnownFileType = text.plist.xml; path = Info.plist; sourceTree = "<group>"; };
		8945235A2969860800DC1A9B /* MemberListManager.swift */ = {isa = PBXFileReference; lastKnownFileType = sourcecode.swift; path = MemberListManager.swift; sourceTree = "<group>"; };
		8945235C296994C100DC1A9B /* Member.swift */ = {isa = PBXFileReference; lastKnownFileType = sourcecode.swift; path = Member.swift; sourceTree = "<group>"; };
		8945235E2969975400DC1A9B /* MyTableViewCell.swift */ = {isa = PBXFileReference; lastKnownFileType = sourcecode.swift; path = MyTableViewCell.swift; sourceTree = "<group>"; };
		8945236029699AEF00DC1A9B /* DetailView.swift */ = {isa = PBXFileReference; lastKnownFileType = sourcecode.swift; path = DetailView.swift; sourceTree = "<group>"; };
		8945236229699B1F00DC1A9B /* DetailViewController.swift */ = {isa = PBXFileReference; lastKnownFileType = sourcecode.swift; path = DetailViewController.swift; sourceTree = "<group>"; };
		8945237E296AC77000DC1A9B /* ProfileViewController.swift */ = {isa = PBXFileReference; lastKnownFileType = sourcecode.swift; path = ProfileViewController.swift; sourceTree = "<group>"; };
		89452380296AC80F00DC1A9B /* ProfileView.swift */ = {isa = PBXFileReference; lastKnownFileType = sourcecode.swift; path = ProfileView.swift; sourceTree = "<group>"; };
/* End PBXFileReference section */

/* Begin PBXFrameworksBuildPhase section */
		8945233D2969853900DC1A9B /* Frameworks */ = {
			isa = PBXFrameworksBuildPhase;
			buildActionMask = 2147483647;
			files = (
			);
			runOnlyForDeploymentPostprocessing = 0;
		};
/* End PBXFrameworksBuildPhase section */

/* Begin PBXGroup section */
		894523372969853900DC1A9B = {
			isa = PBXGroup;
			children = (
				894523422969853900DC1A9B /* MemberListClone */,
				894523412969853900DC1A9B /* Products */,
			);
			sourceTree = "<group>";
		};
		894523412969853900DC1A9B /* Products */ = {
			isa = PBXGroup;
			children = (
				894523402969853900DC1A9B /* MemberListClone.app */,
			);
			name = Products;
			sourceTree = "<group>";
		};
		894523422969853900DC1A9B /* MemberListClone */ = {
			isa = PBXGroup;
			children = (
				894523432969853900DC1A9B /* AppDelegate.swift */,
				894523452969853900DC1A9B /* SceneDelegate.swift */,
				894523592969855C00DC1A9B /* Models */,
				894523582969855400DC1A9B /* Views */,
				894523572969854B00DC1A9B /* Controllers */,
				8945234C2969853A00DC1A9B /* Assets.xcassets */,
				8945234E2969853A00DC1A9B /* LaunchScreen.storyboard */,
				894523512969853A00DC1A9B /* Info.plist */,
				894523492969853900DC1A9B /* Main.storyboard */,
			);
			path = MemberListClone;
			sourceTree = "<group>";
		};
		894523572969854B00DC1A9B /* Controllers */ = {
			isa = PBXGroup;
			children = (
				894523472969853900DC1A9B /* ViewController.swift */,
				8945236229699B1F00DC1A9B /* DetailViewController.swift */,
				8945237E296AC77000DC1A9B /* ProfileViewController.swift */,
			);
			path = Controllers;
			sourceTree = "<group>";
		};
		894523582969855400DC1A9B /* Views */ = {
			isa = PBXGroup;
			children = (
				8945235E2969975400DC1A9B /* MyTableViewCell.swift */,
				8945236029699AEF00DC1A9B /* DetailView.swift */,
				89452380296AC80F00DC1A9B /* ProfileView.swift */,
			);
			path = Views;
			sourceTree = "<group>";
		};
		894523592969855C00DC1A9B /* Models */ = {
			isa = PBXGroup;
			children = (
				8945235C296994C100DC1A9B /* Member.swift */,
				8945235A2969860800DC1A9B /* MemberListManager.swift */,
			);
			path = Models;
			sourceTree = "<group>";
		};
/* End PBXGroup section */

/* Begin PBXNativeTarget section */
		8945233F2969853900DC1A9B /* MemberListClone */ = {
			isa = PBXNativeTarget;
			buildConfigurationList = 894523542969853A00DC1A9B /* Build configuration list for PBXNativeTarget "MemberListClone" */;
			buildPhases = (
				8945233C2969853900DC1A9B /* Sources */,
				8945233D2969853900DC1A9B /* Frameworks */,
				8945233E2969853900DC1A9B /* Resources */,
			);
			buildRules = (
			);
			dependencies = (
			);
			name = MemberListClone;
			productName = MemberListClone;
			productReference = 894523402969853900DC1A9B /* MemberListClone.app */;
			productType = "com.apple.product-type.application";
		};
/* End PBXNativeTarget section */

/* Begin PBXProject section */
		894523382969853900DC1A9B /* Project object */ = {
			isa = PBXProject;
			attributes = {
				BuildIndependentTargetsInParallel = 1;
				LastSwiftUpdateCheck = 1420;
				LastUpgradeCheck = 1420;
				TargetAttributes = {
					8945233F2969853900DC1A9B = {
						CreatedOnToolsVersion = 14.2;
					};
				};
			};
			buildConfigurationList = 8945233B2969853900DC1A9B /* Build configuration list for PBXProject "MemberListClone" */;
			compatibilityVersion = "Xcode 14.0";
			developmentRegion = en;
			hasScannedForEncodings = 0;
			knownRegions = (
				en,
				Base,
			);
			mainGroup = 894523372969853900DC1A9B;
			productRefGroup = 894523412969853900DC1A9B /* Products */;
			projectDirPath = "";
			projectRoot = "";
			targets = (
				8945233F2969853900DC1A9B /* MemberListClone */,
			);
		};
/* End PBXProject section */

/* Begin PBXResourcesBuildPhase section */
		8945233E2969853900DC1A9B /* Resources */ = {
			isa = PBXResourcesBuildPhase;
			buildActionMask = 2147483647;
			files = (
				894523502969853A00DC1A9B /* LaunchScreen.storyboard in Resources */,
				8945234D2969853A00DC1A9B /* Assets.xcassets in Resources */,
				8945234B2969853900DC1A9B /* Main.storyboard in Resources */,
			);
			runOnlyForDeploymentPostprocessing = 0;
		};
/* End PBXResourcesBuildPhase section */

/* Begin PBXSourcesBuildPhase section */
		8945233C2969853900DC1A9B /* Sources */ = {
			isa = PBXSourcesBuildPhase;
			buildActionMask = 2147483647;
			files = (
				894523482969853900DC1A9B /* ViewController.swift in Sources */,
				8945235B2969860800DC1A9B /* MemberListManager.swift in Sources */,
				89452381296AC80F00DC1A9B /* ProfileView.swift in Sources */,
				894523442969853900DC1A9B /* AppDelegate.swift in Sources */,
				8945236129699AEF00DC1A9B /* DetailView.swift in Sources */,
				894523462969853900DC1A9B /* SceneDelegate.swift in Sources */,
				8945235D296994C100DC1A9B /* Member.swift in Sources */,
				8945237F296AC77000DC1A9B /* ProfileViewController.swift in Sources */,
				8945235F2969975400DC1A9B /* MyTableViewCell.swift in Sources */,
				8945236329699B1F00DC1A9B /* DetailViewController.swift in Sources */,
			);
			runOnlyForDeploymentPostprocessing = 0;
		};
/* End PBXSourcesBuildPhase section */

/* Begin PBXVariantGroup section */
		894523492969853900DC1A9B /* Main.storyboard */ = {
			isa = PBXVariantGroup;
			children = (
				8945234A2969853900DC1A9B /* Base */,
			);
			name = Main.storyboard;
			sourceTree = "<group>";
		};
		8945234E2969853A00DC1A9B /* LaunchScreen.storyboard */ = {
			isa = PBXVariantGroup;
			children = (
				8945234F2969853A00DC1A9B /* Base */,
			);
			name = LaunchScreen.storyboard;
			sourceTree = "<group>";
		};
/* End PBXVariantGroup section */

/* Begin XCBuildConfiguration section */
		894523522969853A00DC1A9B /* Debug */ = {
			isa = XCBuildConfiguration;
			buildSettings = {
				ALWAYS_SEARCH_USER_PATHS = NO;
				CLANG_ANALYZER_NONNULL = YES;
				CLANG_ANALYZER_NUMBER_OBJECT_CONVERSION = YES_AGGRESSIVE;
				CLANG_CXX_LANGUAGE_STANDARD = "gnu++20";
				CLANG_ENABLE_MODULES = YES;
				CLANG_ENABLE_OBJC_ARC = YES;
				CLANG_ENABLE_OBJC_WEAK = YES;
				CLANG_WARN_BLOCK_CAPTURE_AUTORELEASING = YES;
				CLANG_WARN_BOOL_CONVERSION = YES;
				CLANG_WARN_COMMA = YES;
				CLANG_WARN_CONSTANT_CONVERSION = YES;
				CLANG_WARN_DEPRECATED_OBJC_IMPLEMENTATIONS = YES;
				CLANG_WARN_DIRECT_OBJC_ISA_USAGE = YES_ERROR;
				CLANG_WARN_DOCUMENTATION_COMMENTS = YES;
				CLANG_WARN_EMPTY_BODY = YES;
				CLANG_WARN_ENUM_CONVERSION = YES;
				CLANG_WARN_INFINITE_RECURSION = YES;
				CLANG_WARN_INT_CONVERSION = YES;
				CLANG_WARN_NON_LITERAL_NULL_CONVERSION = YES;
				CLANG_WARN_OBJC_IMPLICIT_RETAIN_SELF = YES;
				CLANG_WARN_OBJC_LITERAL_CONVERSION = YES;
				CLANG_WARN_OBJC_ROOT_CLASS = YES_ERROR;
				CLANG_WARN_QUOTED_INCLUDE_IN_FRAMEWORK_HEADER = YES;
				CLANG_WARN_RANGE_LOOP_ANALYSIS = YES;
				CLANG_WARN_STRICT_PROTOTYPES = YES;
				CLANG_WARN_SUSPICIOUS_MOVE = YES;
				CLANG_WARN_UNGUARDED_AVAILABILITY = YES_AGGRESSIVE;
				CLANG_WARN_UNREACHABLE_CODE = YES;
				CLANG_WARN__DUPLICATE_METHOD_MATCH = YES;
				COPY_PHASE_STRIP = NO;
				DEBUG_INFORMATION_FORMAT = dwarf;
				ENABLE_STRICT_OBJC_MSGSEND = YES;
				ENABLE_TESTABILITY = YES;
				GCC_C_LANGUAGE_STANDARD = gnu11;
				GCC_DYNAMIC_NO_PIC = NO;
				GCC_NO_COMMON_BLOCKS = YES;
				GCC_OPTIMIZATION_LEVEL = 0;
				GCC_PREPROCESSOR_DEFINITIONS = (
					"DEBUG=1",
					"$(inherited)",
				);
				GCC_WARN_64_TO_32_BIT_CONVERSION = YES;
				GCC_WARN_ABOUT_RETURN_TYPE = YES_ERROR;
				GCC_WARN_UNDECLARED_SELECTOR = YES;
				GCC_WARN_UNINITIALIZED_AUTOS = YES_AGGRESSIVE;
				GCC_WARN_UNUSED_FUNCTION = YES;
				GCC_WARN_UNUSED_VARIABLE = YES;
				IPHONEOS_DEPLOYMENT_TARGET = 16.2;
				MTL_ENABLE_DEBUG_INFO = INCLUDE_SOURCE;
				MTL_FAST_MATH = YES;
				ONLY_ACTIVE_ARCH = YES;
				SDKROOT = iphoneos;
				SWIFT_ACTIVE_COMPILATION_CONDITIONS = DEBUG;
				SWIFT_OPTIMIZATION_LEVEL = "-Onone";
			};
			name = Debug;
		};
		894523532969853A00DC1A9B /* Release */ = {
			isa = XCBuildConfiguration;
			buildSettings = {
				ALWAYS_SEARCH_USER_PATHS = NO;
				CLANG_ANALYZER_NONNULL = YES;
				CLANG_ANALYZER_NUMBER_OBJECT_CONVERSION = YES_AGGRESSIVE;
				CLANG_CXX_LANGUAGE_STANDARD = "gnu++20";
				CLANG_ENABLE_MODULES = YES;
				CLANG_ENABLE_OBJC_ARC = YES;
				CLANG_ENABLE_OBJC_WEAK = YES;
				CLANG_WARN_BLOCK_CAPTURE_AUTORELEASING = YES;
				CLANG_WARN_BOOL_CONVERSION = YES;
				CLANG_WARN_COMMA = YES;
				CLANG_WARN_CONSTANT_CONVERSION = YES;
				CLANG_WARN_DEPRECATED_OBJC_IMPLEMENTATIONS = YES;
				CLANG_WARN_DIRECT_OBJC_ISA_USAGE = YES_ERROR;
				CLANG_WARN_DOCUMENTATION_COMMENTS = YES;
				CLANG_WARN_EMPTY_BODY = YES;
				CLANG_WARN_ENUM_CONVERSION = YES;
				CLANG_WARN_INFINITE_RECURSION = YES;
				CLANG_WARN_INT_CONVERSION = YES;
				CLANG_WARN_NON_LITERAL_NULL_CONVERSION = YES;
				CLANG_WARN_OBJC_IMPLICIT_RETAIN_SELF = YES;
				CLANG_WARN_OBJC_LITERAL_CONVERSION = YES;
				CLANG_WARN_OBJC_ROOT_CLASS = YES_ERROR;
				CLANG_WARN_QUOTED_INCLUDE_IN_FRAMEWORK_HEADER = YES;
				CLANG_WARN_RANGE_LOOP_ANALYSIS = YES;
				CLANG_WARN_STRICT_PROTOTYPES = YES;
				CLANG_WARN_SUSPICIOUS_MOVE = YES;
				CLANG_WARN_UNGUARDED_AVAILABILITY = YES_AGGRESSIVE;
				CLANG_WARN_UNREACHABLE_CODE = YES;
				CLANG_WARN__DUPLICATE_METHOD_MATCH = YES;
				COPY_PHASE_STRIP = NO;
				DEBUG_INFORMATION_FORMAT = "dwarf-with-dsym";
				ENABLE_NS_ASSERTIONS = NO;
				ENABLE_STRICT_OBJC_MSGSEND = YES;
				GCC_C_LANGUAGE_STANDARD = gnu11;
				GCC_NO_COMMON_BLOCKS = YES;
				GCC_WARN_64_TO_32_BIT_CONVERSION = YES;
				GCC_WARN_ABOUT_RETURN_TYPE = YES_ERROR;
				GCC_WARN_UNDECLARED_SELECTOR = YES;
				GCC_WARN_UNINITIALIZED_AUTOS = YES_AGGRESSIVE;
				GCC_WARN_UNUSED_FUNCTION = YES;
				GCC_WARN_UNUSED_VARIABLE = YES;
				IPHONEOS_DEPLOYMENT_TARGET = 16.2;
				MTL_ENABLE_DEBUG_INFO = NO;
				MTL_FAST_MATH = YES;
				SDKROOT = iphoneos;
				SWIFT_COMPILATION_MODE = wholemodule;
				SWIFT_OPTIMIZATION_LEVEL = "-O";
				VALIDATE_PRODUCT = YES;
			};
			name = Release;
		};
		894523552969853A00DC1A9B /* Debug */ = {
			isa = XCBuildConfiguration;
			buildSettings = {
				ASSETCATALOG_COMPILER_APPICON_NAME = AppIcon;
				ASSETCATALOG_COMPILER_GLOBAL_ACCENT_COLOR_NAME = AccentColor;
				CODE_SIGN_STYLE = Automatic;
				CURRENT_PROJECT_VERSION = 1;
				DEVELOPMENT_TEAM = WZFUFHJN8D;
				GENERATE_INFOPLIST_FILE = YES;
				INFOPLIST_FILE = MemberListClone/Info.plist;
				INFOPLIST_KEY_UIApplicationSupportsIndirectInputEvents = YES;
				INFOPLIST_KEY_UILaunchStoryboardName = LaunchScreen;
				INFOPLIST_KEY_UIMainStoryboardFile = Main;
				INFOPLIST_KEY_UISupportedInterfaceOrientations = UIInterfaceOrientationPortrait;
				INFOPLIST_KEY_UISupportedInterfaceOrientations_iPad = "UIInterfaceOrientationLandscapeLeft UIInterfaceOrientationLandscapeRight UIInterfaceOrientationPortrait UIInterfaceOrientationPortraitUpsideDown";
				IPHONEOS_DEPLOYMENT_TARGET = 15.0;
				LD_RUNPATH_SEARCH_PATHS = (
					"$(inherited)",
					"@executable_path/Frameworks",
				);
				MARKETING_VERSION = 1.0;
				PRODUCT_BUNDLE_IDENTIFIER = com.Bohan.MemberListClone;
				PRODUCT_NAME = "$(TARGET_NAME)";
				SUPPORTED_PLATFORMS = "iphoneos iphonesimulator";
				SUPPORTS_MACCATALYST = NO;
				SUPPORTS_MAC_DESIGNED_FOR_IPHONE_IPAD = NO;
				SWIFT_EMIT_LOC_STRINGS = YES;
				SWIFT_VERSION = 5.0;
				TARGETED_DEVICE_FAMILY = 1;
			};
			name = Debug;
		};
		894523562969853A00DC1A9B /* Release */ = {
			isa = XCBuildConfiguration;
			buildSettings = {
				ASSETCATALOG_COMPILER_APPICON_NAME = AppIcon;
				ASSETCATALOG_COMPILER_GLOBAL_ACCENT_COLOR_NAME = AccentColor;
				CODE_SIGN_STYLE = Automatic;
				CURRENT_PROJECT_VERSION = 1;
				DEVELOPMENT_TEAM = WZFUFHJN8D;
				GENERATE_INFOPLIST_FILE = YES;
				INFOPLIST_FILE = MemberListClone/Info.plist;
				INFOPLIST_KEY_UIApplicationSupportsIndirectInputEvents = YES;
				INFOPLIST_KEY_UILaunchStoryboardName = LaunchScreen;
				INFOPLIST_KEY_UIMainStoryboardFile = Main;
				INFOPLIST_KEY_UISupportedInterfaceOrientations = UIInterfaceOrientationPortrait;
				INFOPLIST_KEY_UISupportedInterfaceOrientations_iPad = "UIInterfaceOrientationLandscapeLeft UIInterfaceOrientationLandscapeRight UIInterfaceOrientationPortrait UIInterfaceOrientationPortraitUpsideDown";
				IPHONEOS_DEPLOYMENT_TARGET = 15.0;
				LD_RUNPATH_SEARCH_PATHS = (
					"$(inherited)",
					"@executable_path/Frameworks",
				);
				MARKETING_VERSION = 1.0;
				PRODUCT_BUNDLE_IDENTIFIER = com.Bohan.MemberListClone;
				PRODUCT_NAME = "$(TARGET_NAME)";
				SUPPORTED_PLATFORMS = "iphoneos iphonesimulator";
				SUPPORTS_MACCATALYST = NO;
				SUPPORTS_MAC_DESIGNED_FOR_IPHONE_IPAD = NO;
				SWIFT_EMIT_LOC_STRINGS = YES;
				SWIFT_VERSION = 5.0;
				TARGETED_DEVICE_FAMILY = 1;
			};
			name = Release;
		};
/* End XCBuildConfiguration section */

/* Begin XCConfigurationList section */
		8945233B2969853900DC1A9B /* Build configuration list for PBXProject "MemberListClone" */ = {
			isa = XCConfigurationList;
			buildConfigurations = (
				894523522969853A00DC1A9B /* Debug */,
				894523532969853A00DC1A9B /* Release */,
			);
			defaultConfigurationIsVisible = 0;
			defaultConfigurationName = Release;
		};
		894523542969853A00DC1A9B /* Build configuration list for PBXNativeTarget "MemberListClone" */ = {
			isa = XCConfigurationList;
			buildConfigurations = (
				894523552969853A00DC1A9B /* Debug */,
				894523562969853A00DC1A9B /* Release */,
			);
			defaultConfigurationIsVisible = 0;
			defaultConfigurationName = Release;
		};
/* End XCConfigurationList section */
	};
	rootObject = 894523382969853900DC1A9B /* Project object */;
}
